
Microsoft Visual Studio Solution File, Format Version 12.00
# Visual Studio Version 17
VisualStudioVersion = 17.6.33723.286
MinimumVisualStudioVersion = 10.0.40219.1
Project("{FAE04EC0-301F-11D3-BF4B-00C04F79EFBC}") = "practic new concepts", "practic new concepts.csproj", "{3ADED9BC-BFB4-4FA6-B7CC-4C37D5D0530D}"
EndProject
Global
	GlobalSection(SolutionConfigurationPlatforms) = preSolution
		Debug|Any CPU = Debug|Any CPU
		Release|Any CPU = Release|Any CPU
	EndGlobalSection
	GlobalSection(ProjectConfigurationPlatforms) = postSolution
		{3ADED9BC-BFB4-4FA6-B7CC-4C37D5D0530D}.Debug|Any CPU.ActiveCfg = Debug|Any CPU
		{3ADED9BC-BFB4-4FA6-B7CC-4C37D5D0530D}.Debug|Any CPU.Build.0 = Debug|Any CPU
		{3ADED9BC-BFB4-4FA6-B7CC-4C37D5D0530D}.Release|Any CPU.ActiveCfg = Release|Any CPU
		{3ADED9BC-BFB4-4FA6-B7CC-4C37D5D0530D}.Release|Any CPU.Build.0 = Release|Any CPU
	EndGlobalSection
	GlobalSection(SolutionProperties) = preSolution
		HideSolutionNode = FALSE
	EndGlobalSection
	GlobalSection(ExtensibilityGlobals) = postSolution
		SolutionGuid = {375B816B-1EE6-4A08-A0F4-3A15D76E9DA1}
	EndGlobalSection
EndGlobal
